Microsoft Visual Studio Solution File, Format Version 12.00
# Visual Studio Version 16
VisualStudioVersion = 16.0.29025.244
MinimumVisualStudioVersion = 10.0.40219.1
Project("{2150E333-8FDC-42A3-9474-1A3956D46DE8}") = ".paket", ".paket", "{63297B98-5CED-492C-A5B7-A5B4F73CF142}"
	ProjectSection(SolutionItems) = preProject
		paket.dependencies = paket.dependencies
		paket.lock = paket.lock
		paket.references = paket.references
	EndProjectSection
EndProject
Project("{2150E333-8FDC-42A3-9474-1A3956D46DE8}") = "docs", "docs", "{A6A6AF7D-D6E3-442D-9B1E-58CC91879BE1}"
EndProject
Project("{6EC3EE1D-3C4E-46DD-8F32-0CC8E7565705}") = "MzIO", "src\MzIO\MzIO.fsproj", "{8698D1D1-8F60-4C77-825C-CF1A3528DC53}"
EndProject
Project("{2150E333-8FDC-42A3-9474-1A3956D46DE8}") = "project", "project", "{BF60BC93-E09B-4E5F-9D85-95A519479D54}"
	ProjectSection(SolutionItems) = preProject
		README.md = README.md
		RELEASE_NOTES.md = RELEASE_NOTES.md
	EndProjectSection
EndProject
Project("{2150E333-8FDC-42A3-9474-1A3956D46DE8}") = "tools", "tools", "{83F16175-43B1-4C90-A1EE-8E351C33435D}"
	ProjectSection(SolutionItems) = preProject
		docsrc\files\styles\CSBStyles.css = docsrc\files\styles\CSBStyles.css
		docsrc\tools\generate.fsx = docsrc\tools\generate.fsx
		docsrc\tools\templates\template.cshtml = docsrc\tools\templates\template.cshtml
	EndProjectSection
EndProject
Project("{2150E333-8FDC-42A3-9474-1A3956D46DE8}") = "content", "content", "{8E6D5255-776D-4B61-85F9-73C37AA1FB9A}"
	ProjectSection(SolutionItems) = preProject
		docsrc\content\IMzIODataReader.fsx = docsrc\content\IMzIODataReader.fsx
		docsrc\content\index.fsx = docsrc\content\index.fsx
		docsrc\content\installation.fsx = docsrc\content\installation.fsx
	EndProjectSection
EndProject
Project("{2150E333-8FDC-42A3-9474-1A3956D46DE8}") = "tests", "tests", "{ED8079DD-2B06-4030-9F0F-DC548F98E1C4}"
EndProject
Project("{6EC3EE1D-3C4E-46DD-8F32-0CC8E7565705}") = "MzIO.Tests", "tests\MzIO.Tests\MzIO.Tests.fsproj", "{39780EB8-69B6-43B2-90E9-98260BF8046C}"
EndProject
Project("{2150E333-8FDC-42A3-9474-1A3956D46DE8}") = "git", "git", "{078A9C52-DDC1-46F4-9235-9E6C89C87AFD}"
	ProjectSection(SolutionItems) = preProject
		.gitattributes = .gitattributes
		.gitignore = .gitignore
		.github\ISSUE_TEMPLATE\bug_report.md = .github\ISSUE_TEMPLATE\bug_report.md
		CODE_OF_CONDUCT.md = CODE_OF_CONDUCT.md
		.github\CONTRIBUTING.md = .github\CONTRIBUTING.md
		.github\ISSUE_TEMPLATE\feature_request.md = .github\ISSUE_TEMPLATE\feature_request.md
		.github\ISSUE_TEMPLATE.md = .github\ISSUE_TEMPLATE.md
		PULL_REQUEST_TEMPLATE.md = PULL_REQUEST_TEMPLATE.md
	EndProjectSection
EndProject
Project("{2150E333-8FDC-42A3-9474-1A3956D46DE8}") = ".build", ".build", "{7C6D08E7-3EAC-4335-8F4B-252C193C27C9}"
	ProjectSection(SolutionItems) = preProject
		.travis.yml = .travis.yml
		appveyor.yml = appveyor.yml
		build.cmd = build.cmd
		build.fsx = build.fsx
		build.proj = build.proj
		build.sh = build.sh
	EndProjectSection
EndProject
Project("{6EC3EE1D-3C4E-46DD-8F32-0CC8E7565705}") = "MzIOConsole", "src\MzIOConsole\MzIOConsole.fsproj", "{B7339FEC-0891-4DF8-8BB5-0B806A64F32F}"
EndProject
Project("{6EC3EE1D-3C4E-46DD-8F32-0CC8E7565705}") = "MzIO.Processing", "src\MzIO.Processing\MzIO.Processing.fsproj", "{6DF72BDB-76A1-4F7F-91AE-1CD8EB595E04}"
EndProject
Project("{6EC3EE1D-3C4E-46DD-8F32-0CC8E7565705}") = "MzIO.Wiff", "src\MzIO.Wiff\MzIO.Wiff.fsproj", "{040A1669-209E-4154-AA84-1DB62A300148}"
EndProject
Project("{6EC3EE1D-3C4E-46DD-8F32-0CC8E7565705}") = "MzIO.SQL", "src\MzIO.SQL\MzIO.SQL.fsproj", "{6F4D6D81-FC22-4353-AC84-525F5E687BEB}"
EndProject
Project("{6EC3EE1D-3C4E-46DD-8F32-0CC8E7565705}") = "MzIO.Bruker", "src\MzIO.Bruker\MzIO.Bruker.fsproj", "{E30C2981-943B-4D01-9C95-AF38D2DC3944}"
EndProject
Project("{6EC3EE1D-3C4E-46DD-8F32-0CC8E7565705}") = "MzIO.Thermo", "src\MzIO.Thermo\MzIO.Thermo.fsproj", "{9706E117-9E65-4512-AE6D-CCF1AEA6DE23}"
EndProject
Project("{6EC3EE1D-3C4E-46DD-8F32-0CC8E7565705}") = "MzIO.MzML", "src\MzIO.MzML\MzIO.MzML.fsproj", "{8D31EF81-EEB8-493D-90E6-2945E0BDDA6E}"
EndProject
Global
	GlobalSection(SolutionConfigurationPlatforms) = preSolution
		Debug|Any CPU = Debug|Any CPU
		Debug|x64 = Debug|x64
		Debug|x86 = Debug|x86
		Release|Any CPU = Release|Any CPU
		Release|x64 = Release|x64
		Release|x86 = Release|x86
	EndGlobalSection
	GlobalSection(ProjectConfigurationPlatforms) = postSolution
		{8698D1D1-8F60-4C77-825C-CF1A3528DC53}.Debug|Any CPU.ActiveCfg = Debug|Any CPU
		{8698D1D1-8F60-4C77-825C-CF1A3528DC53}.Debug|Any CPU.Build.0 = Debug|Any CPU
		{8698D1D1-8F60-4C77-825C-CF1A3528DC53}.Debug|x64.ActiveCfg = Debug|Any CPU
		{8698D1D1-8F60-4C77-825C-CF1A3528DC53}.Debug|x64.Build.0 = Debug|Any CPU
		{8698D1D1-8F60-4C77-825C-CF1A3528DC53}.Debug|x86.ActiveCfg = Debug|Any CPU
		{8698D1D1-8F60-4C77-825C-CF1A3528DC53}.Debug|x86.Build.0 = Debug|Any CPU
		{8698D1D1-8F60-4C77-825C-CF1A3528DC53}.Release|Any CPU.ActiveCfg = Release|Any CPU
		{8698D1D1-8F60-4C77-825C-CF1A3528DC53}.Release|Any CPU.Build.0 = Release|Any CPU
		{8698D1D1-8F60-4C77-825C-CF1A3528DC53}.Release|x64.ActiveCfg = Release|Any CPU
		{8698D1D1-8F60-4C77-825C-CF1A3528DC53}.Release|x64.Build.0 = Release|Any CPU
		{8698D1D1-8F60-4C77-825C-CF1A3528DC53}.Release|x86.ActiveCfg = Release|Any CPU
		{8698D1D1-8F60-4C77-825C-CF1A3528DC53}.Release|x86.Build.0 = Release|Any CPU
		{39780EB8-69B6-43B2-90E9-98260BF8046C}.Debug|Any CPU.ActiveCfg = Debug|Any CPU
		{39780EB8-69B6-43B2-90E9-98260BF8046C}.Debug|Any CPU.Build.0 = Debug|Any CPU
		{39780EB8-69B6-43B2-90E9-98260BF8046C}.Debug|x64.ActiveCfg = Debug|Any CPU
		{39780EB8-69B6-43B2-90E9-98260BF8046C}.Debug|x64.Build.0 = Debug|Any CPU
		{39780EB8-69B6-43B2-90E9-98260BF8046C}.Debug|x86.ActiveCfg = Debug|Any CPU
		{39780EB8-69B6-43B2-90E9-98260BF8046C}.Debug|x86.Build.0 = Debug|Any CPU
		{39780EB8-69B6-43B2-90E9-98260BF8046C}.Release|Any CPU.ActiveCfg = Release|Any CPU
		{39780EB8-69B6-43B2-90E9-98260BF8046C}.Release|Any CPU.Build.0 = Release|Any CPU
		{39780EB8-69B6-43B2-90E9-98260BF8046C}.Release|x64.ActiveCfg = Release|Any CPU
		{39780EB8-69B6-43B2-90E9-98260BF8046C}.Release|x64.Build.0 = Release|Any CPU
		{39780EB8-69B6-43B2-90E9-98260BF8046C}.Release|x86.ActiveCfg = Release|Any CPU
		{39780EB8-69B6-43B2-90E9-98260BF8046C}.Release|x86.Build.0 = Release|Any CPU
		{B7339FEC-0891-4DF8-8BB5-0B806A64F32F}.Debug|Any CPU.ActiveCfg = Debug|Any CPU
		{B7339FEC-0891-4DF8-8BB5-0B806A64F32F}.Debug|Any CPU.Build.0 = Debug|Any CPU
		{B7339FEC-0891-4DF8-8BB5-0B806A64F32F}.Debug|x64.ActiveCfg = Debug|Any CPU
		{B7339FEC-0891-4DF8-8BB5-0B806A64F32F}.Debug|x64.Build.0 = Debug|Any CPU
		{B7339FEC-0891-4DF8-8BB5-0B806A64F32F}.Debug|x86.ActiveCfg = Debug|Any CPU
		{B7339FEC-0891-4DF8-8BB5-0B806A64F32F}.Debug|x86.Build.0 = Debug|Any CPU
		{B7339FEC-0891-4DF8-8BB5-0B806A64F32F}.Release|Any CPU.ActiveCfg = Release|Any CPU
		{B7339FEC-0891-4DF8-8BB5-0B806A64F32F}.Release|Any CPU.Build.0 = Release|Any CPU
		{B7339FEC-0891-4DF8-8BB5-0B806A64F32F}.Release|x64.ActiveCfg = Release|Any CPU
		{B7339FEC-0891-4DF8-8BB5-0B806A64F32F}.Release|x64.Build.0 = Release|Any CPU
		{B7339FEC-0891-4DF8-8BB5-0B806A64F32F}.Release|x86.ActiveCfg = Release|Any CPU
		{B7339FEC-0891-4DF8-8BB5-0B806A64F32F}.Release|x86.Build.0 = Release|Any CPU
		{6DF72BDB-76A1-4F7F-91AE-1CD8EB595E04}.Debug|Any CPU.ActiveCfg = Debug|Any CPU
		{6DF72BDB-76A1-4F7F-91AE-1CD8EB595E04}.Debug|Any CPU.Build.0 = Debug|Any CPU
		{6DF72BDB-76A1-4F7F-91AE-1CD8EB595E04}.Debug|x64.ActiveCfg = Debug|Any CPU
		{6DF72BDB-76A1-4F7F-91AE-1CD8EB595E04}.Debug|x64.Build.0 = Debug|Any CPU
		{6DF72BDB-76A1-4F7F-91AE-1CD8EB595E04}.Debug|x86.ActiveCfg = Debug|Any CPU
		{6DF72BDB-76A1-4F7F-91AE-1CD8EB595E04}.Debug|x86.Build.0 = Debug|Any CPU
		{6DF72BDB-76A1-4F7F-91AE-1CD8EB595E04}.Release|Any CPU.ActiveCfg = Release|Any CPU
		{6DF72BDB-76A1-4F7F-91AE-1CD8EB595E04}.Release|Any CPU.Build.0 = Release|Any CPU
		{6DF72BDB-76A1-4F7F-91AE-1CD8EB595E04}.Release|x64.ActiveCfg = Release|Any CPU
		{6DF72BDB-76A1-4F7F-91AE-1CD8EB595E04}.Release|x64.Build.0 = Release|Any CPU
		{6DF72BDB-76A1-4F7F-91AE-1CD8EB595E04}.Release|x86.ActiveCfg = Release|Any CPU
		{6DF72BDB-76A1-4F7F-91AE-1CD8EB595E04}.Release|x86.Build.0 = Release|Any CPU
		{040A1669-209E-4154-AA84-1DB62A300148}.Debug|Any CPU.ActiveCfg = Debug|Any CPU
		{040A1669-209E-4154-AA84-1DB62A300148}.Debug|Any CPU.Build.0 = Debug|Any CPU
		{040A1669-209E-4154-AA84-1DB62A300148}.Debug|x64.ActiveCfg = Debug|Any CPU
		{040A1669-209E-4154-AA84-1DB62A300148}.Debug|x64.Build.0 = Debug|Any CPU
		{040A1669-209E-4154-AA84-1DB62A300148}.Debug|x86.ActiveCfg = Debug|Any CPU
		{040A1669-209E-4154-AA84-1DB62A300148}.Debug|x86.Build.0 = Debug|Any CPU
		{040A1669-209E-4154-AA84-1DB62A300148}.Release|Any CPU.ActiveCfg = Release|Any CPU
		{040A1669-209E-4154-AA84-1DB62A300148}.Release|Any CPU.Build.0 = Release|Any CPU
		{040A1669-209E-4154-AA84-1DB62A300148}.Release|x64.ActiveCfg = Release|Any CPU
		{040A1669-209E-4154-AA84-1DB62A300148}.Release|x64.Build.0 = Release|Any CPU
		{040A1669-209E-4154-AA84-1DB62A300148}.Release|x86.ActiveCfg = Release|Any CPU
		{040A1669-209E-4154-AA84-1DB62A300148}.Release|x86.Build.0 = Release|Any CPU
		{6F4D6D81-FC22-4353-AC84-525F5E687BEB}.Debug|Any CPU.ActiveCfg = Debug|Any CPU
		{6F4D6D81-FC22-4353-AC84-525F5E687BEB}.Debug|Any CPU.Build.0 = Debug|Any CPU
		{6F4D6D81-FC22-4353-AC84-525F5E687BEB}.Debug|x64.ActiveCfg = Debug|Any CPU
		{6F4D6D81-FC22-4353-AC84-525F5E687BEB}.Debug|x64.Build.0 = Debug|Any CPU
		{6F4D6D81-FC22-4353-AC84-525F5E687BEB}.Debug|x86.ActiveCfg = Debug|Any CPU
		{6F4D6D81-FC22-4353-AC84-525F5E687BEB}.Debug|x86.Build.0 = Debug|Any CPU
		{6F4D6D81-FC22-4353-AC84-525F5E687BEB}.Release|Any CPU.ActiveCfg = Release|Any CPU
		{6F4D6D81-FC22-4353-AC84-525F5E687BEB}.Release|Any CPU.Build.0 = Release|Any CPU
		{6F4D6D81-FC22-4353-AC84-525F5E687BEB}.Release|x64.ActiveCfg = Release|Any CPU
		{6F4D6D81-FC22-4353-AC84-525F5E687BEB}.Release|x64.Build.0 = Release|Any CPU
		{6F4D6D81-FC22-4353-AC84-525F5E687BEB}.Release|x86.ActiveCfg = Release|Any CPU
		{6F4D6D81-FC22-4353-AC84-525F5E687BEB}.Release|x86.Build.0 = Release|Any CPU
		{E30C2981-943B-4D01-9C95-AF38D2DC3944}.Debug|Any CPU.ActiveCfg = Debug|x86
		{E30C2981-943B-4D01-9C95-AF38D2DC3944}.Debug|x64.ActiveCfg = Debug|x64
		{E30C2981-943B-4D01-9C95-AF38D2DC3944}.Debug|x64.Build.0 = Debug|x64
		{E30C2981-943B-4D01-9C95-AF38D2DC3944}.Debug|x86.ActiveCfg = Debug|x86
		{E30C2981-943B-4D01-9C95-AF38D2DC3944}.Debug|x86.Build.0 = Debug|x86
		{E30C2981-943B-4D01-9C95-AF38D2DC3944}.Release|Any CPU.ActiveCfg = Release|x64
		{E30C2981-943B-4D01-9C95-AF38D2DC3944}.Release|Any CPU.Build.0 = Release|x64
		{E30C2981-943B-4D01-9C95-AF38D2DC3944}.Release|x64.ActiveCfg = Release|x64
		{E30C2981-943B-4D01-9C95-AF38D2DC3944}.Release|x64.Build.0 = Release|x64
		{E30C2981-943B-4D01-9C95-AF38D2DC3944}.Release|x86.ActiveCfg = Release|x86
		{9706E117-9E65-4512-AE6D-CCF1AEA6DE23}.Debug|Any CPU.ActiveCfg = Debug|Any CPU
		{9706E117-9E65-4512-AE6D-CCF1AEA6DE23}.Debug|Any CPU.Build.0 = Debug|Any CPU
		{9706E117-9E65-4512-AE6D-CCF1AEA6DE23}.Debug|x64.ActiveCfg = Debug|Any CPU
		{9706E117-9E65-4512-AE6D-CCF1AEA6DE23}.Debug|x64.Build.0 = Debug|Any CPU
		{9706E117-9E65-4512-AE6D-CCF1AEA6DE23}.Debug|x86.ActiveCfg = Debug|Any CPU
		{9706E117-9E65-4512-AE6D-CCF1AEA6DE23}.Debug|x86.Build.0 = Debug|Any CPU
		{9706E117-9E65-4512-AE6D-CCF1AEA6DE23}.Release|Any CPU.ActiveCfg = Release|Any CPU
		{9706E117-9E65-4512-AE6D-CCF1AEA6DE23}.Release|Any CPU.Build.0 = Release|Any CPU
		{9706E117-9E65-4512-AE6D-CCF1AEA6DE23}.Release|x64.ActiveCfg = Release|Any CPU
		{9706E117-9E65-4512-AE6D-CCF1AEA6DE23}.Release|x64.Build.0 = Release|Any CPU
		{9706E117-9E65-4512-AE6D-CCF1AEA6DE23}.Release|x86.ActiveCfg = Release|Any CPU
		{9706E117-9E65-4512-AE6D-CCF1AEA6DE23}.Release|x86.Build.0 = Release|Any CPU
		{8D31EF81-EEB8-493D-90E6-2945E0BDDA6E}.Debug|Any CPU.ActiveCfg = Debug|Any CPU
		{8D31EF81-EEB8-493D-90E6-2945E0BDDA6E}.Debug|Any CPU.Build.0 = Debug|Any CPU
		{8D31EF81-EEB8-493D-90E6-2945E0BDDA6E}.Debug|x64.ActiveCfg = Debug|Any CPU
		{8D31EF81-EEB8-493D-90E6-2945E0BDDA6E}.Debug|x64.Build.0 = Debug|Any CPU
		{8D31EF81-EEB8-493D-90E6-2945E0BDDA6E}.Debug|x86.ActiveCfg = Debug|Any CPU
		{8D31EF81-EEB8-493D-90E6-2945E0BDDA6E}.Debug|x86.Build.0 = Debug|Any CPU
		{8D31EF81-EEB8-493D-90E6-2945E0BDDA6E}.Release|Any CPU.ActiveCfg = Release|Any CPU
		{8D31EF81-EEB8-493D-90E6-2945E0BDDA6E}.Release|Any CPU.Build.0 = Release|Any CPU
		{8D31EF81-EEB8-493D-90E6-2945E0BDDA6E}.Release|x64.ActiveCfg = Release|Any CPU
		{8D31EF81-EEB8-493D-90E6-2945E0BDDA6E}.Release|x64.Build.0 = Release|Any CPU
		{8D31EF81-EEB8-493D-90E6-2945E0BDDA6E}.Release|x86.ActiveCfg = Release|Any CPU
		{8D31EF81-EEB8-493D-90E6-2945E0BDDA6E}.Release|x86.Build.0 = Release|Any CPU
	EndGlobalSection
	GlobalSection(SolutionProperties) = preSolution
		HideSolutionNode = FALSE
	EndGlobalSection
	GlobalSection(NestedProjects) = preSolution
		{83F16175-43B1-4C90-A1EE-8E351C33435D} = {A6A6AF7D-D6E3-442D-9B1E-58CC91879BE1}
		{8E6D5255-776D-4B61-85F9-73C37AA1FB9A} = {A6A6AF7D-D6E3-442D-9B1E-58CC91879BE1}
		{39780EB8-69B6-43B2-90E9-98260BF8046C} = {ED8079DD-2B06-4030-9F0F-DC548F98E1C4}
	EndGlobalSection
	GlobalSection(ExtensibilityGlobals) = postSolution
		SolutionGuid = {D55EAFC0-7966-48AB-9DF6-8CFA23ABABB1}
	EndGlobalSection
EndGlobal
