
Microsoft Visual Studio Solution File, Format Version 12.00
# Visual Studio Version 17
VisualStudioVersion = 17.0.31903.59
MinimumVisualStudioVersion = 10.0.40219.1
Project("{6EC3EE1D-3C4E-46DD-8F32-0CC8E7565705}") = "MzIO", "src\MzIO\MzIO.fsproj", "{5EC40275-7A5F-4701-88F4-7099ED8ED8FB}"
EndProject
Project("{6EC3EE1D-3C4E-46DD-8F32-0CC8E7565705}") = "MzIO.Bruker", "src\MzIO.Bruker\MzIO.Bruker.fsproj", "{1A996170-0E01-4286-9D4F-15F6E66A7D5B}"
EndProject
Project("{6EC3EE1D-3C4E-46DD-8F32-0CC8E7565705}") = "MzIO.BrukerTIMs", "src\MzIO.BrukerTIMs\MzIO.BrukerTIMs.fsproj", "{50716A25-65AA-4691-BD71-D457B4DF59C3}"
EndProject
Project("{6EC3EE1D-3C4E-46DD-8F32-0CC8E7565705}") = "MzIO.MzML", "src\MzIO.MzML\MzIO.MzML.fsproj", "{30324B80-16C0-4C26-A85A-0C3FE47B2B30}"
EndProject
Project("{6EC3EE1D-3C4E-46DD-8F32-0CC8E7565705}") = "MzIO.Processing", "src\MzIO.Processing\MzIO.Processing.fsproj", "{9CEA60B0-75A9-4C70-ACA8-B7D3F869BA43}"
EndProject
Project("{6EC3EE1D-3C4E-46DD-8F32-0CC8E7565705}") = "MzIO.SQL", "src\MzIO.SQL\MzIO.SQL.fsproj", "{473C5BC9-BD9B-4D88-A317-CC6D7F067FB8}"
EndProject
Project("{6EC3EE1D-3C4E-46DD-8F32-0CC8E7565705}") = "MzIO.Thermo", "src\MzIO.Thermo\MzIO.Thermo.fsproj", "{54BF4D50-FF09-4363-BB50-1AD3410A0E7D}"
EndProject
Project("{6EC3EE1D-3C4E-46DD-8F32-0CC8E7565705}") = "MzIO.Wiff", "src\MzIO.Wiff\MzIO.Wiff.fsproj", "{4962965D-0A3F-4C23-96C8-4A4ADC12B3B9}"
EndProject
Project("{6EC3EE1D-3C4E-46DD-8F32-0CC8E7565705}") = "MzIOConsole", "src\MzIOConsole\MzIOConsole.fsproj", "{0871B087-E1C2-4C18-9F48-56F64F132E29}"
EndProject
Global
	GlobalSection(SolutionConfigurationPlatforms) = preSolution
		Debug|Any CPU = Debug|Any CPU
		Release|Any CPU = Release|Any CPU
	EndGlobalSection
	GlobalSection(ProjectConfigurationPlatforms) = postSolution
		{5EC40275-7A5F-4701-88F4-7099ED8ED8FB}.Debug|Any CPU.ActiveCfg = Debug|Any CPU
		{5EC40275-7A5F-4701-88F4-7099ED8ED8FB}.Debug|Any CPU.Build.0 = Debug|Any CPU
		{5EC40275-7A5F-4701-88F4-7099ED8ED8FB}.Release|Any CPU.ActiveCfg = Release|Any CPU
		{5EC40275-7A5F-4701-88F4-7099ED8ED8FB}.Release|Any CPU.Build.0 = Release|Any CPU
		{1A996170-0E01-4286-9D4F-15F6E66A7D5B}.Debug|Any CPU.ActiveCfg = Debug|Any CPU
		{1A996170-0E01-4286-9D4F-15F6E66A7D5B}.Debug|Any CPU.Build.0 = Debug|Any CPU
		{1A996170-0E01-4286-9D4F-15F6E66A7D5B}.Release|Any CPU.ActiveCfg = Release|Any CPU
		{1A996170-0E01-4286-9D4F-15F6E66A7D5B}.Release|Any CPU.Build.0 = Release|Any CPU
		{50716A25-65AA-4691-BD71-D457B4DF59C3}.Debug|Any CPU.ActiveCfg = Debug|Any CPU
		{50716A25-65AA-4691-BD71-D457B4DF59C3}.Debug|Any CPU.Build.0 = Debug|Any CPU
		{50716A25-65AA-4691-BD71-D457B4DF59C3}.Release|Any CPU.ActiveCfg = Release|Any CPU
		{50716A25-65AA-4691-BD71-D457B4DF59C3}.Release|Any CPU.Build.0 = Release|Any CPU
		{30324B80-16C0-4C26-A85A-0C3FE47B2B30}.Debug|Any CPU.ActiveCfg = Debug|Any CPU
		{30324B80-16C0-4C26-A85A-0C3FE47B2B30}.Debug|Any CPU.Build.0 = Debug|Any CPU
		{30324B80-16C0-4C26-A85A-0C3FE47B2B30}.Release|Any CPU.ActiveCfg = Release|Any CPU
		{30324B80-16C0-4C26-A85A-0C3FE47B2B30}.Release|Any CPU.Build.0 = Release|Any CPU
		{9CEA60B0-75A9-4C70-ACA8-B7D3F869BA43}.Debug|Any CPU.ActiveCfg = Debug|Any CPU
		{9CEA60B0-75A9-4C70-ACA8-B7D3F869BA43}.Debug|Any CPU.Build.0 = Debug|Any CPU
		{9CEA60B0-75A9-4C70-ACA8-B7D3F869BA43}.Release|Any CPU.ActiveCfg = Release|Any CPU
		{9CEA60B0-75A9-4C70-ACA8-B7D3F869BA43}.Release|Any CPU.Build.0 = Release|Any CPU
		{473C5BC9-BD9B-4D88-A317-CC6D7F067FB8}.Debug|Any CPU.ActiveCfg = Debug|Any CPU
		{473C5BC9-BD9B-4D88-A317-CC6D7F067FB8}.Debug|Any CPU.Build.0 = Debug|Any CPU
		{473C5BC9-BD9B-4D88-A317-CC6D7F067FB8}.Release|Any CPU.ActiveCfg = Release|Any CPU
		{473C5BC9-BD9B-4D88-A317-CC6D7F067FB8}.Release|Any CPU.Build.0 = Release|Any CPU
		{54BF4D50-FF09-4363-BB50-1AD3410A0E7D}.Debug|Any CPU.ActiveCfg = Debug|Any CPU
		{54BF4D50-FF09-4363-BB50-1AD3410A0E7D}.Debug|Any CPU.Build.0 = Debug|Any CPU
		{54BF4D50-FF09-4363-BB50-1AD3410A0E7D}.Release|Any CPU.ActiveCfg = Release|Any CPU
		{54BF4D50-FF09-4363-BB50-1AD3410A0E7D}.Release|Any CPU.Build.0 = Release|Any CPU
		{4962965D-0A3F-4C23-96C8-4A4ADC12B3B9}.Debug|Any CPU.ActiveCfg = Debug|Any CPU
		{4962965D-0A3F-4C23-96C8-4A4ADC12B3B9}.Debug|Any CPU.Build.0 = Debug|Any CPU
		{4962965D-0A3F-4C23-96C8-4A4ADC12B3B9}.Release|Any CPU.ActiveCfg = Release|Any CPU
		{4962965D-0A3F-4C23-96C8-4A4ADC12B3B9}.Release|Any CPU.Build.0 = Release|Any CPU
		{0871B087-E1C2-4C18-9F48-56F64F132E29}.Debug|Any CPU.ActiveCfg = Debug|Any CPU
		{0871B087-E1C2-4C18-9F48-56F64F132E29}.Debug|Any CPU.Build.0 = Debug|Any CPU
		{0871B087-E1C2-4C18-9F48-56F64F132E29}.Release|Any CPU.ActiveCfg = Release|Any CPU
		{0871B087-E1C2-4C18-9F48-56F64F132E29}.Release|Any CPU.Build.0 = Release|Any CPU
	EndGlobalSection
	GlobalSection(SolutionProperties) = preSolution
		HideSolutionNode = FALSE
	EndGlobalSection
EndGlobal
